
Microsoft Visual Studio Solution File, Format Version 12.00
# Visual Studio 15
VisualStudioVersion = 15.0.28307.757
MinimumVisualStudioVersion = 10.0.40219.1
Project("{9A19103F-16F7-4668-BE54-9A1E7A4F7556}") = "example-dotnet-ef-mysql-graphql", "example-dotnet-ef-mysql-graphql.csproj", "{6ACB8DC9-1307-4642-814B-1C1E9EA22E1E}"
EndProject
Global
	GlobalSection(SolutionConfigurationPlatforms) = preSolution
		Debug|Any CPU = Debug|Any CPU
		Release|Any CPU = Release|Any CPU
	EndGlobalSection
	GlobalSection(ProjectConfigurationPlatforms) = postSolution
		{6ACB8DC9-1307-4642-814B-1C1E9EA22E1E}.Debug|Any CPU.ActiveCfg = Debug|Any CPU
		{6ACB8DC9-1307-4642-814B-1C1E9EA22E1E}.Debug|Any CPU.Build.0 = Debug|Any CPU
		{6ACB8DC9-1307-4642-814B-1C1E9EA22E1E}.Release|Any CPU.ActiveCfg = Release|Any CPU
		{6ACB8DC9-1307-4642-814B-1C1E9EA22E1E}.Release|Any CPU.Build.0 = Release|Any CPU
	EndGlobalSection
	GlobalSection(SolutionProperties) = preSolution
		HideSolutionNode = FALSE
	EndGlobalSection
	GlobalSection(ExtensibilityGlobals) = postSolution
		SolutionGuid = {0E7A3DFF-61C1-491E-83FA-29731A4AFC34}
	EndGlobalSection
EndGlobal
